
Microsoft Visual Studio Solution File, Format Version 12.00
# Visual Studio Version 16
VisualStudioVersion = 16.0.29509.3
MinimumVisualStudioVersion = 10.0.40219.1
Project("{FAE04EC0-301F-11D3-BF4B-00C04F79EFBC}") = "cSharpTrainings3", "cSharpTrainings3\cSharpTrainings3.csproj", "{651C913D-697E-4AFF-8EE2-3E4DE0D90324}"
EndProject
Project("{FAE04EC0-301F-11D3-BF4B-00C04F79EFBC}") = "Task1", "Task1\Task1.csproj", "{8E846155-1B5C-41BB-AF48-760EDCB48181}"
EndProject
Project("{FAE04EC0-301F-11D3-BF4B-00C04F79EFBC}") = "Task2", "Task2\Task2.csproj", "{B56B0553-B3BF-48D2-BB4C-03EDD8F805CB}"
EndProject
Project("{FAE04EC0-301F-11D3-BF4B-00C04F79EFBC}") = "Task3", "Task3\Task3.csproj", "{57C1A9FB-1975-4042-A2F1-8BBDE6F09349}"
EndProject
Project("{2150E333-8FDC-42A3-9474-1A3956D46DE8}") = "Solution Items", "Solution Items", "{9FA678C3-2639-4167-9BF9-B88583370030}"
	ProjectSection(SolutionItems) = preProject
		..\..\..\Desktop\Tasks_3.docx = ..\..\..\Desktop\Tasks_3.docx
	EndProjectSection
EndProject
Project("{FAE04EC0-301F-11D3-BF4B-00C04F79EFBC}") = "Task4", "Task4\Task4.csproj", "{36B4506A-C902-46F2-873D-8C9BC8A3776E}"
EndProject
Project("{FAE04EC0-301F-11D3-BF4B-00C04F79EFBC}") = "Task5", "Task5\Task5.csproj", "{A1C2F5AB-4C24-410F-9E7B-6BD3F4DBE41C}"
EndProject
Global
	GlobalSection(SolutionConfigurationPlatforms) = preSolution
		Debug|Any CPU = Debug|Any CPU
		Release|Any CPU = Release|Any CPU
	EndGlobalSection
	GlobalSection(ProjectConfigurationPlatforms) = postSolution
		{651C913D-697E-4AFF-8EE2-3E4DE0D90324}.Debug|Any CPU.ActiveCfg = Debug|Any CPU
		{651C913D-697E-4AFF-8EE2-3E4DE0D90324}.Debug|Any CPU.Build.0 = Debug|Any CPU
		{651C913D-697E-4AFF-8EE2-3E4DE0D90324}.Release|Any CPU.ActiveCfg = Release|Any CPU
		{651C913D-697E-4AFF-8EE2-3E4DE0D90324}.Release|Any CPU.Build.0 = Release|Any CPU
		{8E846155-1B5C-41BB-AF48-760EDCB48181}.Debug|Any CPU.ActiveCfg = Debug|Any CPU
		{8E846155-1B5C-41BB-AF48-760EDCB48181}.Debug|Any CPU.Build.0 = Debug|Any CPU
		{8E846155-1B5C-41BB-AF48-760EDCB48181}.Release|Any CPU.ActiveCfg = Release|Any CPU
		{8E846155-1B5C-41BB-AF48-760EDCB48181}.Release|Any CPU.Build.0 = Release|Any CPU
		{B56B0553-B3BF-48D2-BB4C-03EDD8F805CB}.Debug|Any CPU.ActiveCfg = Debug|Any CPU
		{B56B0553-B3BF-48D2-BB4C-03EDD8F805CB}.Debug|Any CPU.Build.0 = Debug|Any CPU
		{B56B0553-B3BF-48D2-BB4C-03EDD8F805CB}.Release|Any CPU.ActiveCfg = Release|Any CPU
		{B56B0553-B3BF-48D2-BB4C-03EDD8F805CB}.Release|Any CPU.Build.0 = Release|Any CPU
		{57C1A9FB-1975-4042-A2F1-8BBDE6F09349}.Debug|Any CPU.ActiveCfg = Debug|Any CPU
		{57C1A9FB-1975-4042-A2F1-8BBDE6F09349}.Debug|Any CPU.Build.0 = Debug|Any CPU
		{57C1A9FB-1975-4042-A2F1-8BBDE6F09349}.Release|Any CPU.ActiveCfg = Release|Any CPU
		{57C1A9FB-1975-4042-A2F1-8BBDE6F09349}.Release|Any CPU.Build.0 = Release|Any CPU
		{36B4506A-C902-46F2-873D-8C9BC8A3776E}.Debug|Any CPU.ActiveCfg = Debug|Any CPU
		{36B4506A-C902-46F2-873D-8C9BC8A3776E}.Debug|Any CPU.Build.0 = Debug|Any CPU
		{36B4506A-C902-46F2-873D-8C9BC8A3776E}.Release|Any CPU.ActiveCfg = Release|Any CPU
		{36B4506A-C902-46F2-873D-8C9BC8A3776E}.Release|Any CPU.Build.0 = Release|Any CPU
		{A1C2F5AB-4C24-410F-9E7B-6BD3F4DBE41C}.Debug|Any CPU.ActiveCfg = Debug|Any CPU
		{A1C2F5AB-4C24-410F-9E7B-6BD3F4DBE41C}.Debug|Any CPU.Build.0 = Debug|Any CPU
		{A1C2F5AB-4C24-410F-9E7B-6BD3F4DBE41C}.Release|Any CPU.ActiveCfg = Release|Any CPU
		{A1C2F5AB-4C24-410F-9E7B-6BD3F4DBE41C}.Release|Any CPU.Build.0 = Release|Any CPU
	EndGlobalSection
	GlobalSection(SolutionProperties) = preSolution
		HideSolutionNode = FALSE
	EndGlobalSection
	GlobalSection(ExtensibilityGlobals) = postSolution
		SolutionGuid = {BD59F7A4-8CC2-4394-B0C1-88FF8A197775}
	EndGlobalSection
EndGlobal
